// !$*UTF8*$!
{
	archiveVersion = 1;
	classes = {
	};
	objectVersion = 46;
	objects = {

/* Begin PBXBuildFile section */
		67229CDD2155CDA0000675D1 /* SDL2.framework in Frameworks */ = {isa = PBXBuildFile; fileRef = 67229CDC2155CDA0000675D1 /* SDL2.framework */; };
		67229E5D21588CA1000675D1 /* SDL2_image.framework in Frameworks */ = {isa = PBXBuildFile; fileRef = 67229E5C21588CA1000675D1 /* SDL2_image.framework */; };
		6722A1D4215A52A1000675D1 /* SDL2_mixer.framework in Frameworks */ = {isa = PBXBuildFile; fileRef = 6722A1D2215A52A1000675D1 /* SDL2_mixer.framework */; };
		6722A1D5215A52A1000675D1 /* SDL2_ttf.framework in Frameworks */ = {isa = PBXBuildFile; fileRef = 6722A1D3215A52A1000675D1 /* SDL2_ttf.framework */; };
		676978C7215D1CB4008E7CF0 /* ltexture.cc in Sources */ = {isa = PBXBuildFile; fileRef = 676978B3215D1CB4008E7CF0 /* ltexture.cc */; };
		676978C8215D1CB4008E7CF0 /* cutils.c in Sources */ = {isa = PBXBuildFile; fileRef = 676978B6215D1CB4008E7CF0 /* cutils.c */; };
		676978CC215D1CB4008E7CF0 /* game_scean.cc in Sources */ = {isa = PBXBuildFile; fileRef = 676978C1215D1CB4008E7CF0 /* game_scean.cc */; };
		676978CE215D1CB4008E7CF0 /* main.cc in Sources */ = {isa = PBXBuildFile; fileRef = 676978C4215D1CB4008E7CF0 /* main.cc */; };
		676978D1215D1E62008E7CF0 /* sdl2utils.c in Sources */ = {isa = PBXBuildFile; fileRef = 676978CF215D1E62008E7CF0 /* sdl2utils.c */; };
		676978DD215E40C9008E7CF0 /* asset_manager.cc in Sources */ = {isa = PBXBuildFile; fileRef = 676978DB215E40C9008E7CF0 /* asset_manager.cc */; };
		676978E62160ACD6008E7CF0 /* doom_random.c in Sources */ = {isa = PBXBuildFile; fileRef = 676978E42160ACD6008E7CF0 /* doom_random.c */; };
		676978E92160AE20008E7CF0 /* well512_random.c in Sources */ = {isa = PBXBuildFile; fileRef = 676978E72160AE20008E7CF0 /* well512_random.c */; };
		676978EC2160D2F3008E7CF0 /* game_commons.cc in Sources */ = {isa = PBXBuildFile; fileRef = 676978EA2160D2F3008E7CF0 /* game_commons.cc */; };
		676978F0216334DB008E7CF0 /* world_map.cc in Sources */ = {isa = PBXBuildFile; fileRef = 676978EE216334DB008E7CF0 /* world_map.cc */; };
		676978F32165C89B008E7CF0 /* game_object.cc in Sources */ = {isa = PBXBuildFile; fileRef = 676978F12165C89B008E7CF0 /* game_object.cc */; };
/* End PBXBuildFile section */

/* Begin PBXCopyFilesBuildPhase section */
		67229CCE2155CB5E000675D1 /* CopyFiles */ = {
			isa = PBXCopyFilesBuildPhase;
			buildActionMask = 2147483647;
			dstPath = /usr/share/man/man1/;
			dstSubfolderSpec = 0;
			files = (
			);
			runOnlyForDeploymentPostprocessing = 1;
		};
/* End PBXCopyFilesBuildPhase section */

/* Begin PBXFileReference section */
		67229CD02155CB5E000675D1 /* endlessworld */ = {isa = PBXFileReference; explicitFileType = "compiled.mach-o.executable"; includeInIndex = 0; path = endlessworld; sourceTree = BUILT_PRODUCTS_DIR; };
		67229CDC2155CDA0000675D1 /* SDL2.framework */ = {isa = PBXFileReference; lastKnownFileType = wrapper.framework; name = SDL2.framework; path = ../../../../../../Library/Frameworks/SDL2.framework; sourceTree = "<group>"; };
		67229CE92155D6A1000675D1 /* README.md */ = {isa = PBXFileReference; lastKnownFileType = net.daringfireball.markdown; name = README.md; path = ../README.md; sourceTree = "<group>"; };
		67229E5C21588CA1000675D1 /* SDL2_image.framework */ = {isa = PBXFileReference; lastKnownFileType = wrapper.framework; name = SDL2_image.framework; path = ../../../../../../Library/Frameworks/SDL2_image.framework; sourceTree = "<group>"; };
		6722A1D2215A52A1000675D1 /* SDL2_mixer.framework */ = {isa = PBXFileReference; lastKnownFileType = wrapper.framework; name = SDL2_mixer.framework; path = ../../../../../../Library/Frameworks/SDL2_mixer.framework; sourceTree = "<group>"; };
		6722A1D3215A52A1000675D1 /* SDL2_ttf.framework */ = {isa = PBXFileReference; lastKnownFileType = wrapper.framework; name = SDL2_ttf.framework; path = ../../../../../../Library/Frameworks/SDL2_ttf.framework; sourceTree = "<group>"; };
		676978B3215D1CB4008E7CF0 /* ltexture.cc */ = {isa = PBXFileReference; fileEncoding = 4; lastKnownFileType = sourcecode.cpp.cpp; path = ltexture.cc; sourceTree = "<group>"; };
		676978B4215D1CB4008E7CF0 /* ltexture.h */ = {isa = PBXFileReference; fileEncoding = 4; lastKnownFileType = sourcecode.c.h; path = ltexture.h; sourceTree = "<group>"; };
		676978B6215D1CB4008E7CF0 /* cutils.c */ = {isa = PBXFileReference; fileEncoding = 4; lastKnownFileType = sourcecode.c.c; path = cutils.c; sourceTree = "<group>"; };
		676978B7215D1CB4008E7CF0 /* cutils.h */ = {isa = PBXFileReference; fileEncoding = 4; lastKnownFileType = sourcecode.c.h; path = cutils.h; sourceTree = "<group>"; };
		676978C0215D1CB4008E7CF0 /* game.h */ = {isa = PBXFileReference; fileEncoding = 4; lastKnownFileType = sourcecode.c.h; path = game.h; sourceTree = "<group>"; };
		676978C1215D1CB4008E7CF0 /* game_scean.cc */ = {isa = PBXFileReference; fileEncoding = 4; lastKnownFileType = sourcecode.cpp.cpp; path = game_scean.cc; sourceTree = "<group>"; };
		676978C4215D1CB4008E7CF0 /* main.cc */ = {isa = PBXFileReference; fileEncoding = 4; lastKnownFileType = sourcecode.cpp.cpp; path = main.cc; sourceTree = "<group>"; };
		676978C5215D1CB4008E7CF0 /* statline.sh */ = {isa = PBXFileReference; fileEncoding = 4; lastKnownFileType = text.script.sh; path = statline.sh; sourceTree = "<group>"; };
		676978CF215D1E62008E7CF0 /* sdl2utils.c */ = {isa = PBXFileReference; fileEncoding = 4; lastKnownFileType = sourcecode.c.c; path = sdl2utils.c; sourceTree = "<group>"; };
		676978D0215D1E62008E7CF0 /* sdl2utils.h */ = {isa = PBXFileReference; fileEncoding = 4; lastKnownFileType = sourcecode.c.h; path = sdl2utils.h; sourceTree = "<group>"; };
		676978DB215E40C9008E7CF0 /* asset_manager.cc */ = {isa = PBXFileReference; fileEncoding = 4; lastKnownFileType = sourcecode.cpp.cpp; path = asset_manager.cc; sourceTree = "<group>"; };
		676978DC215E40C9008E7CF0 /* asset_manager.h */ = {isa = PBXFileReference; fileEncoding = 4; lastKnownFileType = sourcecode.c.h; path = asset_manager.h; sourceTree = "<group>"; };
		676978E42160ACD6008E7CF0 /* doom_random.c */ = {isa = PBXFileReference; fileEncoding = 4; lastKnownFileType = sourcecode.c.c; path = doom_random.c; sourceTree = "<group>"; };
		676978E52160ACD6008E7CF0 /* doom_random.h */ = {isa = PBXFileReference; fileEncoding = 4; lastKnownFileType = sourcecode.c.h; path = doom_random.h; sourceTree = "<group>"; };
		676978E72160AE20008E7CF0 /* well512_random.c */ = {isa = PBXFileReference; fileEncoding = 4; lastKnownFileType = sourcecode.c.c; path = well512_random.c; sourceTree = "<group>"; };
		676978E82160AE20008E7CF0 /* well512_random.h */ = {isa = PBXFileReference; fileEncoding = 4; lastKnownFileType = sourcecode.c.h; path = well512_random.h; sourceTree = "<group>"; };
		676978EA2160D2F3008E7CF0 /* game_commons.cc */ = {isa = PBXFileReference; fileEncoding = 4; lastKnownFileType = sourcecode.cpp.cpp; path = game_commons.cc; sourceTree = "<group>"; };
		676978EB2160D2F3008E7CF0 /* game_commons.h */ = {isa = PBXFileReference; fileEncoding = 4; lastKnownFileType = sourcecode.c.h; path = game_commons.h; sourceTree = "<group>"; };
		676978ED216334DB008E7CF0 /* map_render.h */ = {isa = PBXFileReference; fileEncoding = 4; lastKnownFileType = sourcecode.c.h; path = map_render.h; sourceTree = "<group>"; };
		676978EE216334DB008E7CF0 /* world_map.cc */ = {isa = PBXFileReference; fileEncoding = 4; lastKnownFileType = sourcecode.cpp.cpp; path = world_map.cc; sourceTree = "<group>"; };
		676978EF216334DB008E7CF0 /* world_map.h */ = {isa = PBXFileReference; fileEncoding = 4; lastKnownFileType = sourcecode.c.h; path = world_map.h; sourceTree = "<group>"; };
		676978F12165C89B008E7CF0 /* game_object.cc */ = {isa = PBXFileReference; fileEncoding = 4; lastKnownFileType = sourcecode.cpp.cpp; path = game_object.cc; sourceTree = "<group>"; };
		676978F22165C89B008E7CF0 /* game_object.h */ = {isa = PBXFileReference; fileEncoding = 4; lastKnownFileType = sourcecode.c.h; path = game_object.h; sourceTree = "<group>"; };
		676978F5216CB957008E7CF0 /* game_scean.h */ = {isa = PBXFileReference; fileEncoding = 4; lastKnownFileType = sourcecode.c.h; path = game_scean.h; sourceTree = "<group>"; };
		676978F7216CB957008E7CF0 /* hud.h */ = {isa = PBXFileReference; fileEncoding = 4; lastKnownFileType = sourcecode.c.h; path = hud.h; sourceTree = "<group>"; };
		679616862175D927001BC6F1 /* element.h */ = {isa = PBXFileReference; fileEncoding = 4; lastKnownFileType = sourcecode.c.h; path = element.h; sourceTree = "<group>"; };
		679616872175D927001BC6F1 /* game_window.h */ = {isa = PBXFileReference; fileEncoding = 4; lastKnownFileType = sourcecode.c.h; path = game_window.h; sourceTree = "<group>"; };
		679616882175D927001BC6F1 /* graphic_interfaces.h */ = {isa = PBXFileReference; fileEncoding = 4; lastKnownFileType = sourcecode.c.h; path = graphic_interfaces.h; sourceTree = "<group>"; };
		679616892175D9BA001BC6F1 /* engine.h */ = {isa = PBXFileReference; fileEncoding = 4; lastKnownFileType = sourcecode.c.h; path = engine.h; sourceTree = "<group>"; };
/* End PBXFileReference section */

/* Begin PBXFrameworksBuildPhase section */
		67229CCD2155CB5E000675D1 /* Frameworks */ = {
			isa = PBXFrameworksBuildPhase;
			buildActionMask = 2147483647;
			files = (
				6722A1D4215A52A1000675D1 /* SDL2_mixer.framework in Frameworks */,
				6722A1D5215A52A1000675D1 /* SDL2_ttf.framework in Frameworks */,
				67229E5D21588CA1000675D1 /* SDL2_image.framework in Frameworks */,
				67229CDD2155CDA0000675D1 /* SDL2.framework in Frameworks */,
			);
			runOnlyForDeploymentPostprocessing = 0;
		};
/* End PBXFrameworksBuildPhase section */

/* Begin PBXGroup section */
		67229CC72155CB5E000675D1 = {
			isa = PBXGroup;
			children = (
				676978AF215D1CB4008E7CF0 /* src */,
				67229E94215A07BF000675D1 /* deps */,
				67229CE92155D6A1000675D1 /* README.md */,
				67229CD12155CB5E000675D1 /* Products */,
				67229CDB2155CDA0000675D1 /* Frameworks */,
			);
			sourceTree = "<group>";
		};
		67229CD12155CB5E000675D1 /* Products */ = {
			isa = PBXGroup;
			children = (
				67229CD02155CB5E000675D1 /* endlessworld */,
			);
			name = Products;
			sourceTree = "<group>";
		};
		67229CDB2155CDA0000675D1 /* Frameworks */ = {
			isa = PBXGroup;
			children = (
				6722A1D2215A52A1000675D1 /* SDL2_mixer.framework */,
				6722A1D3215A52A1000675D1 /* SDL2_ttf.framework */,
				67229E5C21588CA1000675D1 /* SDL2_image.framework */,
				67229CDC2155CDA0000675D1 /* SDL2.framework */,
			);
			name = Frameworks;
			sourceTree = "<group>";
		};
		67229E94215A07BF000675D1 /* deps */ = {
			isa = PBXGroup;
			children = (
			);
			name = deps;
			path = ../deps;
			sourceTree = "<group>";
		};
		676978AF215D1CB4008E7CF0 /* src */ = {
			isa = PBXGroup;
			children = (
				676978B0215D1CB4008E7CF0 /* alpha */,
				676978B5215D1CB4008E7CF0 /* commons */,
				676978B8215D1CB4008E7CF0 /* engine */,
				676978BF215D1CB4008E7CF0 /* game */,
				676978C4215D1CB4008E7CF0 /* main.cc */,
				676978C5215D1CB4008E7CF0 /* statline.sh */,
			);
			name = src;
			path = ../src;
			sourceTree = "<group>";
		};
		676978B0215D1CB4008E7CF0 /* alpha */ = {
			isa = PBXGroup;
			children = (
				676978B3215D1CB4008E7CF0 /* ltexture.cc */,
				676978B4215D1CB4008E7CF0 /* ltexture.h */,
			);
			path = alpha;
			sourceTree = "<group>";
		};
		676978B5215D1CB4008E7CF0 /* commons */ = {
			isa = PBXGroup;
			children = (
				676978CF215D1E62008E7CF0 /* sdl2utils.c */,
				676978D0215D1E62008E7CF0 /* sdl2utils.h */,
				676978B6215D1CB4008E7CF0 /* cutils.c */,
				676978B7215D1CB4008E7CF0 /* cutils.h */,
				676978E42160ACD6008E7CF0 /* doom_random.c */,
				676978E52160ACD6008E7CF0 /* doom_random.h */,
				676978E72160AE20008E7CF0 /* well512_random.c */,
				676978E82160AE20008E7CF0 /* well512_random.h */,
			);
			path = commons;
			sourceTree = "<group>";
		};
		676978B8215D1CB4008E7CF0 /* engine */ = {
			isa = PBXGroup;
			children = (
				679616892175D9BA001BC6F1 /* engine.h */,
				679616862175D927001BC6F1 /* element.h */,
				679616872175D927001BC6F1 /* game_window.h */,
				679616882175D927001BC6F1 /* graphic_interfaces.h */,
			);
			path = engine;
			sourceTree = "<group>";
		};
		676978BF215D1CB4008E7CF0 /* game */ = {
			isa = PBXGroup;
			children = (
				676978F5216CB957008E7CF0 /* game_scean.h */,
				676978F7216CB957008E7CF0 /* hud.h */,
				676978ED216334DB008E7CF0 /* map_render.h */,
				676978EE216334DB008E7CF0 /* world_map.cc */,
				676978EF216334DB008E7CF0 /* world_map.h */,
				676978C0215D1CB4008E7CF0 /* game.h */,
				676978C1215D1CB4008E7CF0 /* game_scean.cc */,
				676978DB215E40C9008E7CF0 /* asset_manager.cc */,
				676978DC215E40C9008E7CF0 /* asset_manager.h */,
				676978EA2160D2F3008E7CF0 /* game_commons.cc */,
				676978EB2160D2F3008E7CF0 /* game_commons.h */,
				676978F12165C89B008E7CF0 /* game_object.cc */,
				676978F22165C89B008E7CF0 /* game_object.h */,
			);
			path = game;
			sourceTree = "<group>";
		};
/* End PBXGroup section */

/* Begin PBXNativeTarget section */
		67229CCF2155CB5E000675D1 /* endlessworld */ = {
			isa = PBXNativeTarget;
			buildConfigurationList = 67229CD72155CB5E000675D1 /* Build configuration list for PBXNativeTarget "endlessworld" */;
			buildPhases = (
				67229CCC2155CB5E000675D1 /* Sources */,
				67229CCD2155CB5E000675D1 /* Frameworks */,
				67229CCE2155CB5E000675D1 /* CopyFiles */,
			);
			buildRules = (
			);
			dependencies = (
			);
			name = endlessworld;
			productName = endlessworld;
			productReference = 67229CD02155CB5E000675D1 /* endlessworld */;
			productType = "com.apple.product-type.tool";
		};
/* End PBXNativeTarget section */

/* Begin PBXProject section */
		67229CC82155CB5E000675D1 /* Project object */ = {
			isa = PBXProject;
			attributes = {
				LastUpgradeCheck = 0820;
				ORGANIZATIONNAME = "林 桂";
				TargetAttributes = {
					67229CCF2155CB5E000675D1 = {
						CreatedOnToolsVersion = 8.2.1;
						ProvisioningStyle = Automatic;
					};
				};
			};
			buildConfigurationList = 67229CCB2155CB5E000675D1 /* Build configuration list for PBXProject "endlessworld" */;
			compatibilityVersion = "Xcode 3.2";
			developmentRegion = English;
			hasScannedForEncodings = 0;
			knownRegions = (
				en,
				Base,
			);
			mainGroup = 67229CC72155CB5E000675D1;
			productRefGroup = 67229CD12155CB5E000675D1 /* Products */;
			projectDirPath = "";
			projectRoot = "";
			targets = (
				67229CCF2155CB5E000675D1 /* endlessworld */,
			);
		};
/* End PBXProject section */

/* Begin PBXSourcesBuildPhase section */
		67229CCC2155CB5E000675D1 /* Sources */ = {
			isa = PBXSourcesBuildPhase;
			buildActionMask = 2147483647;
			files = (
				676978F32165C89B008E7CF0 /* game_object.cc in Sources */,
				676978C7215D1CB4008E7CF0 /* ltexture.cc in Sources */,
				676978C8215D1CB4008E7CF0 /* cutils.c in Sources */,
				676978EC2160D2F3008E7CF0 /* game_commons.cc in Sources */,
				676978D1215D1E62008E7CF0 /* sdl2utils.c in Sources */,
				676978CC215D1CB4008E7CF0 /* game_scean.cc in Sources */,
				676978CE215D1CB4008E7CF0 /* main.cc in Sources */,
				676978F0216334DB008E7CF0 /* world_map.cc in Sources */,
				676978DD215E40C9008E7CF0 /* asset_manager.cc in Sources */,
				676978E62160ACD6008E7CF0 /* doom_random.c in Sources */,
				676978E92160AE20008E7CF0 /* well512_random.c in Sources */,
			);
			runOnlyForDeploymentPostprocessing = 0;
		};
/* End PBXSourcesBuildPhase section */

/* Begin XCBuildConfiguration section */
		67229CD52155CB5E000675D1 /* Debug */ = {
			isa = XCBuildConfiguration;
			buildSettings = {
				ALWAYS_SEARCH_USER_PATHS = NO;
				CLANG_ANALYZER_NONNULL = YES;
				CLANG_CXX_LANGUAGE_STANDARD = "gnu++0x";
				CLANG_CXX_LIBRARY = "libc++";
				CLANG_ENABLE_MODULES = YES;
				CLANG_ENABLE_OBJC_ARC = YES;
				CLANG_WARN_BOOL_CONVERSION = YES;
				CLANG_WARN_CONSTANT_CONVERSION = YES;
				CLANG_WARN_DIRECT_OBJC_ISA_USAGE = YES_ERROR;
				CLANG_WARN_DOCUMENTATION_COMMENTS = YES;
				CLANG_WARN_EMPTY_BODY = YES;
				CLANG_WARN_ENUM_CONVERSION = YES;
				CLANG_WARN_INFINITE_RECURSION = YES;
				CLANG_WARN_INT_CONVERSION = YES;
				CLANG_WARN_OBJC_ROOT_CLASS = YES_ERROR;
				CLANG_WARN_SUSPICIOUS_MOVE = YES;
				CLANG_WARN_UNREACHABLE_CODE = YES;
				CLANG_WARN__DUPLICATE_METHOD_MATCH = YES;
				CODE_SIGN_IDENTITY = "-";
				COPY_PHASE_STRIP = NO;
				DEBUG_INFORMATION_FORMAT = dwarf;
				ENABLE_STRICT_OBJC_MSGSEND = YES;
				ENABLE_TESTABILITY = YES;
				GCC_C_LANGUAGE_STANDARD = gnu99;
				GCC_DYNAMIC_NO_PIC = NO;
				GCC_NO_COMMON_BLOCKS = YES;
				GCC_OPTIMIZATION_LEVEL = 0;
				GCC_PREPROCESSOR_DEFINITIONS = (
					"DEBUG=1",
					"$(inherited)",
				);
				GCC_WARN_64_TO_32_BIT_CONVERSION = YES;
				GCC_WARN_ABOUT_RETURN_TYPE = YES_ERROR;
				GCC_WARN_UNDECLARED_SELECTOR = YES;
				GCC_WARN_UNINITIALIZED_AUTOS = YES_AGGRESSIVE;
				GCC_WARN_UNUSED_FUNCTION = YES;
				GCC_WARN_UNUSED_VARIABLE = YES;
				MACOSX_DEPLOYMENT_TARGET = 10.11;
				MTL_ENABLE_DEBUG_INFO = YES;
				ONLY_ACTIVE_ARCH = YES;
				SDKROOT = macosx;
			};
			name = Debug;
		};
		67229CD62155CB5E000675D1 /* Release */ = {
			isa = XCBuildConfiguration;
			buildSettings = {
				ALWAYS_SEARCH_USER_PATHS = NO;
				CLANG_ANALYZER_NONNULL = YES;
				CLANG_CXX_LANGUAGE_STANDARD = "gnu++0x";
				CLANG_CXX_LIBRARY = "libc++";
				CLANG_ENABLE_MODULES = YES;
				CLANG_ENABLE_OBJC_ARC = YES;
				CLANG_WARN_BOOL_CONVERSION = YES;
				CLANG_WARN_CONSTANT_CONVERSION = YES;
				CLANG_WARN_DIRECT_OBJC_ISA_USAGE = YES_ERROR;
				CLANG_WARN_DOCUMENTATION_COMMENTS = YES;
				CLANG_WARN_EMPTY_BODY = YES;
				CLANG_WARN_ENUM_CONVERSION = YES;
				CLANG_WARN_INFINITE_RECURSION = YES;
				CLANG_WARN_INT_CONVERSION = YES;
				CLANG_WARN_OBJC_ROOT_CLASS = YES_ERROR;
				CLANG_WARN_SUSPICIOUS_MOVE = YES;
				CLANG_WARN_UNREACHABLE_CODE = YES;
				CLANG_WARN__DUPLICATE_METHOD_MATCH = YES;
				CODE_SIGN_IDENTITY = "-";
				COPY_PHASE_STRIP = NO;
				DEBUG_INFORMATION_FORMAT = "dwarf-with-dsym";
				ENABLE_NS_ASSERTIONS = NO;
				ENABLE_STRICT_OBJC_MSGSEND = YES;
				GCC_C_LANGUAGE_STANDARD = gnu99;
				GCC_NO_COMMON_BLOCKS = YES;
				GCC_WARN_64_TO_32_BIT_CONVERSION = YES;
				GCC_WARN_ABOUT_RETURN_TYPE = YES_ERROR;
				GCC_WARN_UNDECLARED_SELECTOR = YES;
				GCC_WARN_UNINITIALIZED_AUTOS = YES_AGGRESSIVE;
				GCC_WARN_UNUSED_FUNCTION = YES;
				GCC_WARN_UNUSED_VARIABLE = YES;
				MACOSX_DEPLOYMENT_TARGET = 10.11;
				MTL_ENABLE_DEBUG_INFO = NO;
				SDKROOT = macosx;
			};
			name = Release;
		};
		67229CD82155CB5E000675D1 /* Debug */ = {
			isa = XCBuildConfiguration;
			buildSettings = {
				FRAMEWORK_SEARCH_PATHS = (
					"$(inherited)",
					"$(LOCAL_LIBRARY_DIR)/Frameworks",
				);
				PRODUCT_NAME = "$(TARGET_NAME)";
			};
			name = Debug;
		};
		67229CD92155CB5E000675D1 /* Release */ = {
			isa = XCBuildConfiguration;
			buildSettings = {
				FRAMEWORK_SEARCH_PATHS = (
					"$(inherited)",
					"$(LOCAL_LIBRARY_DIR)/Frameworks",
				);
				PRODUCT_NAME = "$(TARGET_NAME)";
			};
			name = Release;
		};
/* End XCBuildConfiguration section */

/* Begin XCConfigurationList section */
		67229CCB2155CB5E000675D1 /* Build configuration list for PBXProject "endlessworld" */ = {
			isa = XCConfigurationList;
			buildConfigurations = (
				67229CD52155CB5E000675D1 /* Debug */,
				67229CD62155CB5E000675D1 /* Release */,
			);
			defaultConfigurationIsVisible = 0;
			defaultConfigurationName = Release;
		};
		67229CD72155CB5E000675D1 /* Build configuration list for PBXNativeTarget "endlessworld" */ = {
			isa = XCConfigurationList;
			buildConfigurations = (
				67229CD82155CB5E000675D1 /* Debug */,
				67229CD92155CB5E000675D1 /* Release */,
			);
			defaultConfigurationIsVisible = 0;
			defaultConfigurationName = Release;
		};
/* End XCConfigurationList section */
	};
	rootObject = 67229CC82155CB5E000675D1 /* Project object */;
}
