// !$*UTF8*$!
{
	archiveVersion = 1;
	classes = {
	};
	objectVersion = 46;
	objects = {

/* Begin PBXBuildFile section */
		67229CDD2155CDA0000675D1 /* SDL2.framework in Frameworks */ = {isa = PBXBuildFile; fileRef = 67229CDC2155CDA0000675D1 /* SDL2.framework */; };
		67229E5D21588CA1000675D1 /* SDL2_image.framework in Frameworks */ = {isa = PBXBuildFile; fileRef = 67229E5C21588CA1000675D1 /* SDL2_image.framework */; };
		6722A1D4215A52A1000675D1 /* SDL2_mixer.framework in Frameworks */ = {isa = PBXBuildFile; fileRef = 6722A1D2215A52A1000675D1 /* SDL2_mixer.framework */; };
		6722A1D5215A52A1000675D1 /* SDL2_ttf.framework in Frameworks */ = {isa = PBXBuildFile; fileRef = 6722A1D3215A52A1000675D1 /* SDL2_ttf.framework */; };
		6722A1EC215C8B8C000675D1 /* gameobject.c in Sources */ = {isa = PBXBuildFile; fileRef = 6722A1DB215C8B8C000675D1 /* gameobject.c */; };
		6722A1ED215C8B8C000675D1 /* ltexture.cc in Sources */ = {isa = PBXBuildFile; fileRef = 6722A1DD215C8B8C000675D1 /* ltexture.cc */; };
		6722A1EE215C8B8C000675D1 /* cutils.c in Sources */ = {isa = PBXBuildFile; fileRef = 6722A1E0215C8B8C000675D1 /* cutils.c */; };
		6722A1EF215C8B8C000675D1 /* engine.c in Sources */ = {isa = PBXBuildFile; fileRef = 6722A1E3215C8B8C000675D1 /* engine.c */; };
		6722A1F0215C8B8C000675D1 /* game_res.c in Sources */ = {isa = PBXBuildFile; fileRef = 6722A1E5215C8B8C000675D1 /* game_res.c */; };
		6722A1F1215C8B8C000675D1 /* tiledmap.cc in Sources */ = {isa = PBXBuildFile; fileRef = 6722A1E9215C8B8C000675D1 /* tiledmap.cc */; };
		6722A1F2215C8B8C000675D1 /* main.cc in Sources */ = {isa = PBXBuildFile; fileRef = 6722A1EB215C8B8C000675D1 /* main.cc */; };
		6722A1F4215CD11B000675D1 /* game_scean.cc in Sources */ = {isa = PBXBuildFile; fileRef = 6722A1F3215CD11B000675D1 /* game_scean.cc */; };
		6722A1F6215CE43B000675D1 /* game_loop.cc in Sources */ = {isa = PBXBuildFile; fileRef = 6722A1F5215CE43B000675D1 /* game_loop.cc */; };
/* End PBXBuildFile section */

/* Begin PBXCopyFilesBuildPhase section */
		67229CCE2155CB5E000675D1 /* CopyFiles */ = {
			isa = PBXCopyFilesBuildPhase;
			buildActionMask = 2147483647;
			dstPath = /usr/share/man/man1/;
			dstSubfolderSpec = 0;
			files = (
			);
			runOnlyForDeploymentPostprocessing = 1;
		};
/* End PBXCopyFilesBuildPhase section */

/* Begin PBXFileReference section */
		67229CD02155CB5E000675D1 /* endlessworld */ = {isa = PBXFileReference; explicitFileType = "compiled.mach-o.executable"; includeInIndex = 0; path = endlessworld; sourceTree = BUILT_PRODUCTS_DIR; };
		67229CDC2155CDA0000675D1 /* SDL2.framework */ = {isa = PBXFileReference; lastKnownFileType = wrapper.framework; name = SDL2.framework; path = ../../../../../../Library/Frameworks/SDL2.framework; sourceTree = "<group>"; };
		67229CE92155D6A1000675D1 /* README.md */ = {isa = PBXFileReference; lastKnownFileType = net.daringfireball.markdown; name = README.md; path = ../README.md; sourceTree = "<group>"; };
		67229E5C21588CA1000675D1 /* SDL2_image.framework */ = {isa = PBXFileReference; lastKnownFileType = wrapper.framework; name = SDL2_image.framework; path = ../../../../../../Library/Frameworks/SDL2_image.framework; sourceTree = "<group>"; };
		6722A1D2215A52A1000675D1 /* SDL2_mixer.framework */ = {isa = PBXFileReference; lastKnownFileType = wrapper.framework; name = SDL2_mixer.framework; path = ../../../../../../Library/Frameworks/SDL2_mixer.framework; sourceTree = "<group>"; };
		6722A1D3215A52A1000675D1 /* SDL2_ttf.framework */ = {isa = PBXFileReference; lastKnownFileType = wrapper.framework; name = SDL2_ttf.framework; path = ../../../../../../Library/Frameworks/SDL2_ttf.framework; sourceTree = "<group>"; };
		6722A1DB215C8B8C000675D1 /* gameobject.c */ = {isa = PBXFileReference; fileEncoding = 4; lastKnownFileType = sourcecode.c.c; path = gameobject.c; sourceTree = "<group>"; };
		6722A1DC215C8B8C000675D1 /* gameobject.h */ = {isa = PBXFileReference; fileEncoding = 4; lastKnownFileType = sourcecode.c.h; path = gameobject.h; sourceTree = "<group>"; };
		6722A1DD215C8B8C000675D1 /* ltexture.cc */ = {isa = PBXFileReference; fileEncoding = 4; lastKnownFileType = sourcecode.cpp.cpp; path = ltexture.cc; sourceTree = "<group>"; };
		6722A1DE215C8B8C000675D1 /* ltexture.h */ = {isa = PBXFileReference; fileEncoding = 4; lastKnownFileType = sourcecode.c.h; path = ltexture.h; sourceTree = "<group>"; };
		6722A1E0215C8B8C000675D1 /* cutils.c */ = {isa = PBXFileReference; fileEncoding = 4; lastKnownFileType = sourcecode.c.c; path = cutils.c; sourceTree = "<group>"; };
		6722A1E1215C8B8C000675D1 /* cutils.h */ = {isa = PBXFileReference; fileEncoding = 4; lastKnownFileType = sourcecode.c.h; path = cutils.h; sourceTree = "<group>"; };
		6722A1E3215C8B8C000675D1 /* engine.c */ = {isa = PBXFileReference; fileEncoding = 4; lastKnownFileType = sourcecode.c.c; path = engine.c; sourceTree = "<group>"; };
		6722A1E4215C8B8C000675D1 /* engine.h */ = {isa = PBXFileReference; fileEncoding = 4; lastKnownFileType = sourcecode.c.h; path = engine.h; sourceTree = "<group>"; };
		6722A1E5215C8B8C000675D1 /* game_res.c */ = {isa = PBXFileReference; fileEncoding = 4; lastKnownFileType = sourcecode.c.c; path = game_res.c; sourceTree = "<group>"; };
		6722A1E6215C8B8C000675D1 /* game_res.h */ = {isa = PBXFileReference; fileEncoding = 4; lastKnownFileType = sourcecode.c.h; path = game_res.h; sourceTree = "<group>"; };
		6722A1E8215C8B8C000675D1 /* game.h */ = {isa = PBXFileReference; fileEncoding = 4; lastKnownFileType = sourcecode.c.h; path = game.h; sourceTree = "<group>"; };
		6722A1E9215C8B8C000675D1 /* tiledmap.cc */ = {isa = PBXFileReference; fileEncoding = 4; lastKnownFileType = sourcecode.cpp.cpp; path = tiledmap.cc; sourceTree = "<group>"; };
		6722A1EA215C8B8C000675D1 /* tiledmap.h */ = {isa = PBXFileReference; fileEncoding = 4; lastKnownFileType = sourcecode.c.h; path = tiledmap.h; sourceTree = "<group>"; };
		6722A1EB215C8B8C000675D1 /* main.cc */ = {isa = PBXFileReference; fileEncoding = 4; lastKnownFileType = sourcecode.cpp.cpp; path = main.cc; sourceTree = "<group>"; };
		6722A1F3215CD11B000675D1 /* game_scean.cc */ = {isa = PBXFileReference; fileEncoding = 4; lastKnownFileType = sourcecode.cpp.cpp; path = game_scean.cc; sourceTree = "<group>"; };
		6722A1F5215CE43B000675D1 /* game_loop.cc */ = {isa = PBXFileReference; fileEncoding = 4; lastKnownFileType = sourcecode.cpp.cpp; path = game_loop.cc; sourceTree = "<group>"; };
/* End PBXFileReference section */

/* Begin PBXFrameworksBuildPhase section */
		67229CCD2155CB5E000675D1 /* Frameworks */ = {
			isa = PBXFrameworksBuildPhase;
			buildActionMask = 2147483647;
			files = (
				6722A1D4215A52A1000675D1 /* SDL2_mixer.framework in Frameworks */,
				6722A1D5215A52A1000675D1 /* SDL2_ttf.framework in Frameworks */,
				67229E5D21588CA1000675D1 /* SDL2_image.framework in Frameworks */,
				67229CDD2155CDA0000675D1 /* SDL2.framework in Frameworks */,
			);
			runOnlyForDeploymentPostprocessing = 0;
		};
/* End PBXFrameworksBuildPhase section */

/* Begin PBXGroup section */
		67229CC72155CB5E000675D1 = {
			isa = PBXGroup;
			children = (
				67229E94215A07BF000675D1 /* deps */,
				67229CE92155D6A1000675D1 /* README.md */,
				67229CDF2155CF9D000675D1 /* src */,
				67229CD12155CB5E000675D1 /* Products */,
				67229CDB2155CDA0000675D1 /* Frameworks */,
			);
			sourceTree = "<group>";
		};
		67229CD12155CB5E000675D1 /* Products */ = {
			isa = PBXGroup;
			children = (
				67229CD02155CB5E000675D1 /* endlessworld */,
			);
			name = Products;
			sourceTree = "<group>";
		};
		67229CDB2155CDA0000675D1 /* Frameworks */ = {
			isa = PBXGroup;
			children = (
				6722A1D2215A52A1000675D1 /* SDL2_mixer.framework */,
				6722A1D3215A52A1000675D1 /* SDL2_ttf.framework */,
				67229E5C21588CA1000675D1 /* SDL2_image.framework */,
				67229CDC2155CDA0000675D1 /* SDL2.framework */,
			);
			name = Frameworks;
			sourceTree = "<group>";
		};
		67229CDF2155CF9D000675D1 /* src */ = {
			isa = PBXGroup;
			children = (
				6722A1DA215C8B8C000675D1 /* alpha */,
				6722A1DF215C8B8C000675D1 /* commons */,
				6722A1E2215C8B8C000675D1 /* engine */,
				6722A1E7215C8B8C000675D1 /* game */,
				6722A1EB215C8B8C000675D1 /* main.cc */,
			);
			name = src;
			path = ../src;
			sourceTree = "<group>";
		};
		67229E94215A07BF000675D1 /* deps */ = {
			isa = PBXGroup;
			children = (
			);
			name = deps;
			path = ../deps;
			sourceTree = "<group>";
		};
		6722A1DA215C8B8C000675D1 /* alpha */ = {
			isa = PBXGroup;
			children = (
				6722A1DB215C8B8C000675D1 /* gameobject.c */,
				6722A1DC215C8B8C000675D1 /* gameobject.h */,
				6722A1DD215C8B8C000675D1 /* ltexture.cc */,
				6722A1DE215C8B8C000675D1 /* ltexture.h */,
			);
			path = alpha;
			sourceTree = "<group>";
		};
		6722A1DF215C8B8C000675D1 /* commons */ = {
			isa = PBXGroup;
			children = (
				6722A1E0215C8B8C000675D1 /* cutils.c */,
				6722A1E1215C8B8C000675D1 /* cutils.h */,
			);
			path = commons;
			sourceTree = "<group>";
		};
		6722A1E2215C8B8C000675D1 /* engine */ = {
			isa = PBXGroup;
			children = (
				6722A1E3215C8B8C000675D1 /* engine.c */,
				6722A1E4215C8B8C000675D1 /* engine.h */,
				6722A1E5215C8B8C000675D1 /* game_res.c */,
				6722A1E6215C8B8C000675D1 /* game_res.h */,
			);
			path = engine;
			sourceTree = "<group>";
		};
		6722A1E7215C8B8C000675D1 /* game */ = {
			isa = PBXGroup;
			children = (
				6722A1E8215C8B8C000675D1 /* game.h */,
				6722A1E9215C8B8C000675D1 /* tiledmap.cc */,
				6722A1EA215C8B8C000675D1 /* tiledmap.h */,
				6722A1F3215CD11B000675D1 /* game_scean.cc */,
				6722A1F5215CE43B000675D1 /* game_loop.cc */,
			);
			path = game;
			sourceTree = "<group>";
		};
/* End PBXGroup section */

/* Begin PBXNativeTarget section */
		67229CCF2155CB5E000675D1 /* endlessworld */ = {
			isa = PBXNativeTarget;
			buildConfigurationList = 67229CD72155CB5E000675D1 /* Build configuration list for PBXNativeTarget "endlessworld" */;
			buildPhases = (
				67229CCC2155CB5E000675D1 /* Sources */,
				67229CCD2155CB5E000675D1 /* Frameworks */,
				67229CCE2155CB5E000675D1 /* CopyFiles */,
			);
			buildRules = (
			);
			dependencies = (
			);
			name = endlessworld;
			productName = endlessworld;
			productReference = 67229CD02155CB5E000675D1 /* endlessworld */;
			productType = "com.apple.product-type.tool";
		};
/* End PBXNativeTarget section */

/* Begin PBXProject section */
		67229CC82155CB5E000675D1 /* Project object */ = {
			isa = PBXProject;
			attributes = {
				LastUpgradeCheck = 0820;
				ORGANIZATIONNAME = "林 桂";
				TargetAttributes = {
					67229CCF2155CB5E000675D1 = {
						CreatedOnToolsVersion = 8.2.1;
						ProvisioningStyle = Automatic;
					};
				};
			};
			buildConfigurationList = 67229CCB2155CB5E000675D1 /* Build configuration list for PBXProject "endlessworld" */;
			compatibilityVersion = "Xcode 3.2";
			developmentRegion = English;
			hasScannedForEncodings = 0;
			knownRegions = (
				en,
				Base,
			);
			mainGroup = 67229CC72155CB5E000675D1;
			productRefGroup = 67229CD12155CB5E000675D1 /* Products */;
			projectDirPath = "";
			projectRoot = "";
			targets = (
				67229CCF2155CB5E000675D1 /* endlessworld */,
			);
		};
/* End PBXProject section */

/* Begin PBXSourcesBuildPhase section */
		67229CCC2155CB5E000675D1 /* Sources */ = {
			isa = PBXSourcesBuildPhase;
			buildActionMask = 2147483647;
			files = (
				6722A1F4215CD11B000675D1 /* game_scean.cc in Sources */,
				6722A1ED215C8B8C000675D1 /* ltexture.cc in Sources */,
				6722A1F6215CE43B000675D1 /* game_loop.cc in Sources */,
				6722A1EE215C8B8C000675D1 /* cutils.c in Sources */,
				6722A1F0215C8B8C000675D1 /* game_res.c in Sources */,
				6722A1F1215C8B8C000675D1 /* tiledmap.cc in Sources */,
				6722A1EC215C8B8C000675D1 /* gameobject.c in Sources */,
				6722A1F2215C8B8C000675D1 /* main.cc in Sources */,
				6722A1EF215C8B8C000675D1 /* engine.c in Sources */,
			);
			runOnlyForDeploymentPostprocessing = 0;
		};
/* End PBXSourcesBuildPhase section */

/* Begin XCBuildConfiguration section */
		67229CD52155CB5E000675D1 /* Debug */ = {
			isa = XCBuildConfiguration;
			buildSettings = {
				ALWAYS_SEARCH_USER_PATHS = NO;
				CLANG_ANALYZER_NONNULL = YES;
				CLANG_CXX_LANGUAGE_STANDARD = "gnu++0x";
				CLANG_CXX_LIBRARY = "libc++";
				CLANG_ENABLE_MODULES = YES;
				CLANG_ENABLE_OBJC_ARC = YES;
				CLANG_WARN_BOOL_CONVERSION = YES;
				CLANG_WARN_CONSTANT_CONVERSION = YES;
				CLANG_WARN_DIRECT_OBJC_ISA_USAGE = YES_ERROR;
				CLANG_WARN_DOCUMENTATION_COMMENTS = YES;
				CLANG_WARN_EMPTY_BODY = YES;
				CLANG_WARN_ENUM_CONVERSION = YES;
				CLANG_WARN_INFINITE_RECURSION = YES;
				CLANG_WARN_INT_CONVERSION = YES;
				CLANG_WARN_OBJC_ROOT_CLASS = YES_ERROR;
				CLANG_WARN_SUSPICIOUS_MOVE = YES;
				CLANG_WARN_UNREACHABLE_CODE = YES;
				CLANG_WARN__DUPLICATE_METHOD_MATCH = YES;
				CODE_SIGN_IDENTITY = "-";
				COPY_PHASE_STRIP = NO;
				DEBUG_INFORMATION_FORMAT = dwarf;
				ENABLE_STRICT_OBJC_MSGSEND = YES;
				ENABLE_TESTABILITY = YES;
				GCC_C_LANGUAGE_STANDARD = gnu99;
				GCC_DYNAMIC_NO_PIC = NO;
				GCC_NO_COMMON_BLOCKS = YES;
				GCC_OPTIMIZATION_LEVEL = 0;
				GCC_PREPROCESSOR_DEFINITIONS = (
					"DEBUG=1",
					"$(inherited)",
				);
				GCC_WARN_64_TO_32_BIT_CONVERSION = YES;
				GCC_WARN_ABOUT_RETURN_TYPE = YES_ERROR;
				GCC_WARN_UNDECLARED_SELECTOR = YES;
				GCC_WARN_UNINITIALIZED_AUTOS = YES_AGGRESSIVE;
				GCC_WARN_UNUSED_FUNCTION = YES;
				GCC_WARN_UNUSED_VARIABLE = YES;
				MACOSX_DEPLOYMENT_TARGET = 10.11;
				MTL_ENABLE_DEBUG_INFO = YES;
				ONLY_ACTIVE_ARCH = YES;
				SDKROOT = macosx;
			};
			name = Debug;
		};
		67229CD62155CB5E000675D1 /* Release */ = {
			isa = XCBuildConfiguration;
			buildSettings = {
				ALWAYS_SEARCH_USER_PATHS = NO;
				CLANG_ANALYZER_NONNULL = YES;
				CLANG_CXX_LANGUAGE_STANDARD = "gnu++0x";
				CLANG_CXX_LIBRARY = "libc++";
				CLANG_ENABLE_MODULES = YES;
				CLANG_ENABLE_OBJC_ARC = YES;
				CLANG_WARN_BOOL_CONVERSION = YES;
				CLANG_WARN_CONSTANT_CONVERSION = YES;
				CLANG_WARN_DIRECT_OBJC_ISA_USAGE = YES_ERROR;
				CLANG_WARN_DOCUMENTATION_COMMENTS = YES;
				CLANG_WARN_EMPTY_BODY = YES;
				CLANG_WARN_ENUM_CONVERSION = YES;
				CLANG_WARN_INFINITE_RECURSION = YES;
				CLANG_WARN_INT_CONVERSION = YES;
				CLANG_WARN_OBJC_ROOT_CLASS = YES_ERROR;
				CLANG_WARN_SUSPICIOUS_MOVE = YES;
				CLANG_WARN_UNREACHABLE_CODE = YES;
				CLANG_WARN__DUPLICATE_METHOD_MATCH = YES;
				CODE_SIGN_IDENTITY = "-";
				COPY_PHASE_STRIP = NO;
				DEBUG_INFORMATION_FORMAT = "dwarf-with-dsym";
				ENABLE_NS_ASSERTIONS = NO;
				ENABLE_STRICT_OBJC_MSGSEND = YES;
				GCC_C_LANGUAGE_STANDARD = gnu99;
				GCC_NO_COMMON_BLOCKS = YES;
				GCC_WARN_64_TO_32_BIT_CONVERSION = YES;
				GCC_WARN_ABOUT_RETURN_TYPE = YES_ERROR;
				GCC_WARN_UNDECLARED_SELECTOR = YES;
				GCC_WARN_UNINITIALIZED_AUTOS = YES_AGGRESSIVE;
				GCC_WARN_UNUSED_FUNCTION = YES;
				GCC_WARN_UNUSED_VARIABLE = YES;
				MACOSX_DEPLOYMENT_TARGET = 10.11;
				MTL_ENABLE_DEBUG_INFO = NO;
				SDKROOT = macosx;
			};
			name = Release;
		};
		67229CD82155CB5E000675D1 /* Debug */ = {
			isa = XCBuildConfiguration;
			buildSettings = {
				FRAMEWORK_SEARCH_PATHS = (
					"$(inherited)",
					"$(LOCAL_LIBRARY_DIR)/Frameworks",
				);
				PRODUCT_NAME = "$(TARGET_NAME)";
			};
			name = Debug;
		};
		67229CD92155CB5E000675D1 /* Release */ = {
			isa = XCBuildConfiguration;
			buildSettings = {
				FRAMEWORK_SEARCH_PATHS = (
					"$(inherited)",
					"$(LOCAL_LIBRARY_DIR)/Frameworks",
				);
				PRODUCT_NAME = "$(TARGET_NAME)";
			};
			name = Release;
		};
/* End XCBuildConfiguration section */

/* Begin XCConfigurationList section */
		67229CCB2155CB5E000675D1 /* Build configuration list for PBXProject "endlessworld" */ = {
			isa = XCConfigurationList;
			buildConfigurations = (
				67229CD52155CB5E000675D1 /* Debug */,
				67229CD62155CB5E000675D1 /* Release */,
			);
			defaultConfigurationIsVisible = 0;
			defaultConfigurationName = Release;
		};
		67229CD72155CB5E000675D1 /* Build configuration list for PBXNativeTarget "endlessworld" */ = {
			isa = XCConfigurationList;
			buildConfigurations = (
				67229CD82155CB5E000675D1 /* Debug */,
				67229CD92155CB5E000675D1 /* Release */,
			);
			defaultConfigurationIsVisible = 0;
			defaultConfigurationName = Release;
		};
/* End XCConfigurationList section */
	};
	rootObject = 67229CC82155CB5E000675D1 /* Project object */;
}
